// !$*UTF8*$!
{
	archiveVersion = 1;
	classes = {
	};
	objectVersion = 46;
	objects = {

/* Begin PBXBuildFile section */
		8D6626D11E4A619F00C38AFE /* main.m in Sources */ = {isa = PBXBuildFile; fileRef = 8D6626D01E4A619F00C38AFE /* main.m */; };
		8D6626D41E4A619F00C38AFE /* AppDelegate.m in Sources */ = {isa = PBXBuildFile; fileRef = 8D6626D31E4A619F00C38AFE /* AppDelegate.m */; };
		8D6626D71E4A619F00C38AFE /* ViewController.m in Sources */ = {isa = PBXBuildFile; fileRef = 8D6626D61E4A619F00C38AFE /* ViewController.m */; };
		8D6626DA1E4A619F00C38AFE /* Main.storyboard in Resources */ = {isa = PBXBuildFile; fileRef = 8D6626D81E4A619F00C38AFE /* Main.storyboard */; };
		8D6626DC1E4A619F00C38AFE /* Assets.xcassets in Resources */ = {isa = PBXBuildFile; fileRef = 8D6626DB1E4A619F00C38AFE /* Assets.xcassets */; };
		8D6626EC1E4A6A1900C38AFE /* RestManager.m in Sources */ = {isa = PBXBuildFile; fileRef = 8D6626EB1E4A6A1900C38AFE /* RestManager.m */; };
		8D6627111E4A6A7300C38AFE /* AFHTTPSessionManager.m in Sources */ = {isa = PBXBuildFile; fileRef = 8D6626F01E4A6A7300C38AFE /* AFHTTPSessionManager.m */; };
		8D6627121E4A6A7300C38AFE /* AFNetworkReachabilityManager.m in Sources */ = {isa = PBXBuildFile; fileRef = 8D6626F31E4A6A7300C38AFE /* AFNetworkReachabilityManager.m */; };
		8D6627131E4A6A7300C38AFE /* AFSecurityPolicy.m in Sources */ = {isa = PBXBuildFile; fileRef = 8D6626F51E4A6A7300C38AFE /* AFSecurityPolicy.m */; };
		8D6627141E4A6A7300C38AFE /* AFURLRequestSerialization.m in Sources */ = {isa = PBXBuildFile; fileRef = 8D6626F71E4A6A7300C38AFE /* AFURLRequestSerialization.m */; };
		8D6627151E4A6A7300C38AFE /* AFURLResponseSerialization.m in Sources */ = {isa = PBXBuildFile; fileRef = 8D6626F91E4A6A7300C38AFE /* AFURLResponseSerialization.m */; };
		8D6627161E4A6A7300C38AFE /* AFURLSessionManager.m in Sources */ = {isa = PBXBuildFile; fileRef = 8D6626FB1E4A6A7300C38AFE /* AFURLSessionManager.m */; };
		8D6627171E4A6A7300C38AFE /* AFAutoPurgingImageCache.m in Sources */ = {isa = PBXBuildFile; fileRef = 8D6626FE1E4A6A7300C38AFE /* AFAutoPurgingImageCache.m */; };
		8D6627181E4A6A7300C38AFE /* AFImageDownloader.m in Sources */ = {isa = PBXBuildFile; fileRef = 8D6627001E4A6A7300C38AFE /* AFImageDownloader.m */; };
		8D6627191E4A6A7300C38AFE /* AFNetworkActivityIndicatorManager.m in Sources */ = {isa = PBXBuildFile; fileRef = 8D6627021E4A6A7300C38AFE /* AFNetworkActivityIndicatorManager.m */; };
		8D66271A1E4A6A7300C38AFE /* UIActivityIndicatorView+AFNetworking.m in Sources */ = {isa = PBXBuildFile; fileRef = 8D6627041E4A6A7300C38AFE /* UIActivityIndicatorView+AFNetworking.m */; };
		8D66271B1E4A6A7300C38AFE /* UIButton+AFNetworking.m in Sources */ = {isa = PBXBuildFile; fileRef = 8D6627061E4A6A7300C38AFE /* UIButton+AFNetworking.m */; };
		8D66271C1E4A6A7300C38AFE /* UIImageView+AFNetworking.m in Sources */ = {isa = PBXBuildFile; fileRef = 8D6627091E4A6A7300C38AFE /* UIImageView+AFNetworking.m */; };
		8D66271D1E4A6A7300C38AFE /* UIProgressView+AFNetworking.m in Sources */ = {isa = PBXBuildFile; fileRef = 8D66270C1E4A6A7300C38AFE /* UIProgressView+AFNetworking.m */; };
		8D66271E1E4A6A7300C38AFE /* UIRefreshControl+AFNetworking.m in Sources */ = {isa = PBXBuildFile; fileRef = 8D66270E1E4A6A7300C38AFE /* UIRefreshControl+AFNetworking.m */; };
		8D66271F1E4A6A7300C38AFE /* UIWebView+AFNetworking.m in Sources */ = {isa = PBXBuildFile; fileRef = 8D6627101E4A6A7300C38AFE /* UIWebView+AFNetworking.m */; };
/* End PBXBuildFile section */

/* Begin PBXFileReference section */
		8D6626CC1E4A619F00C38AFE /* ConstPack.app */ = {isa = PBXFileReference; explicitFileType = wrapper.application; includeInIndex = 0; path = ConstPack.app; sourceTree = BUILT_PRODUCTS_DIR; };
		8D6626D01E4A619F00C38AFE /* main.m */ = {isa = PBXFileReference; lastKnownFileType = sourcecode.c.objc; path = main.m; sourceTree = "<group>"; };
		8D6626D21E4A619F00C38AFE /* AppDelegate.h */ = {isa = PBXFileReference; lastKnownFileType = sourcecode.c.h; path = AppDelegate.h; sourceTree = "<group>"; };
		8D6626D31E4A619F00C38AFE /* AppDelegate.m */ = {isa = PBXFileReference; lastKnownFileType = sourcecode.c.objc; path = AppDelegate.m; sourceTree = "<group>"; };
		8D6626D51E4A619F00C38AFE /* ViewController.h */ = {isa = PBXFileReference; lastKnownFileType = sourcecode.c.h; path = ViewController.h; sourceTree = "<group>"; };
		8D6626D61E4A619F00C38AFE /* ViewController.m */ = {isa = PBXFileReference; lastKnownFileType = sourcecode.c.objc; path = ViewController.m; sourceTree = "<group>"; };
		8D6626D91E4A619F00C38AFE /* Base */ = {isa = PBXFileReference; lastKnownFileType = file.storyboard; name = Base; path = Base.lproj/Main.storyboard; sourceTree = "<group>"; };
		8D6626DB1E4A619F00C38AFE /* Assets.xcassets */ = {isa = PBXFileReference; lastKnownFileType = folder.assetcatalog; path = Assets.xcassets; sourceTree = "<group>"; };
		8D6626E01E4A619F00C38AFE /* Info.plist */ = {isa = PBXFileReference; lastKnownFileType = text.plist.xml; path = Info.plist; sourceTree = "<group>"; };
		8D6626EB1E4A6A1900C38AFE /* RestManager.m */ = {isa = PBXFileReference; fileEncoding = 4; lastKnownFileType = sourcecode.c.objc; path = RestManager.m; sourceTree = "<group>"; };
		8D6626EF1E4A6A7300C38AFE /* AFHTTPSessionManager.h */ = {isa = PBXFileReference; fileEncoding = 4; lastKnownFileType = sourcecode.c.h; path = AFHTTPSessionManager.h; sourceTree = "<group>"; };
		8D6626F01E4A6A7300C38AFE /* AFHTTPSessionManager.m */ = {isa = PBXFileReference; fileEncoding = 4; lastKnownFileType = sourcecode.c.objc; path = AFHTTPSessionManager.m; sourceTree = "<group>"; };
		8D6626F11E4A6A7300C38AFE /* AFNetworking.h */ = {isa = PBXFileReference; fileEncoding = 4; lastKnownFileType = sourcecode.c.h; path = AFNetworking.h; sourceTree = "<group>"; };
		8D6626F21E4A6A7300C38AFE /* AFNetworkReachabilityManager.h */ = {isa = PBXFileReference; fileEncoding = 4; lastKnownFileType = sourcecode.c.h; path = AFNetworkReachabilityManager.h; sourceTree = "<group>"; };
		8D6626F31E4A6A7300C38AFE /* AFNetworkReachabilityManager.m */ = {isa = PBXFileReference; fileEncoding = 4; lastKnownFileType = sourcecode.c.objc; path = AFNetworkReachabilityManager.m; sourceTree = "<group>"; };
		8D6626F41E4A6A7300C38AFE /* AFSecurityPolicy.h */ = {isa = PBXFileReference; fileEncoding = 4; lastKnownFileType = sourcecode.c.h; path = AFSecurityPolicy.h; sourceTree = "<group>"; };
		8D6626F51E4A6A7300C38AFE /* AFSecurityPolicy.m */ = {isa = PBXFileReference; fileEncoding = 4; lastKnownFileType = sourcecode.c.objc; path = AFSecurityPolicy.m; sourceTree = "<group>"; };
		8D6626F61E4A6A7300C38AFE /* AFURLRequestSerialization.h */ = {isa = PBXFileReference; fileEncoding = 4; lastKnownFileType = sourcecode.c.h; path = AFURLRequestSerialization.h; sourceTree = "<group>"; };
		8D6626F71E4A6A7300C38AFE /* AFURLRequestSerialization.m */ = {isa = PBXFileReference; fileEncoding = 4; lastKnownFileType = sourcecode.c.objc; path = AFURLRequestSerialization.m; sourceTree = "<group>"; };
		8D6626F81E4A6A7300C38AFE /* AFURLResponseSerialization.h */ = {isa = PBXFileReference; fileEncoding = 4; lastKnownFileType = sourcecode.c.h; path = AFURLResponseSerialization.h; sourceTree = "<group>"; };
		8D6626F91E4A6A7300C38AFE /* AFURLResponseSerialization.m */ = {isa = PBXFileReference; fileEncoding = 4; lastKnownFileType = sourcecode.c.objc; path = AFURLResponseSerialization.m; sourceTree = "<group>"; };
		8D6626FA1E4A6A7300C38AFE /* AFURLSessionManager.h */ = {isa = PBXFileReference; fileEncoding = 4; lastKnownFileType = sourcecode.c.h; path = AFURLSessionManager.h; sourceTree = "<group>"; };
		8D6626FB1E4A6A7300C38AFE /* AFURLSessionManager.m */ = {isa = PBXFileReference; fileEncoding = 4; lastKnownFileType = sourcecode.c.objc; path = AFURLSessionManager.m; sourceTree = "<group>"; };
		8D6626FD1E4A6A7300C38AFE /* AFAutoPurgingImageCache.h */ = {isa = PBXFileReference; fileEncoding = 4; lastKnownFileType = sourcecode.c.h; path = AFAutoPurgingImageCache.h; sourceTree = "<group>"; };
		8D6626FE1E4A6A7300C38AFE /* AFAutoPurgingImageCache.m */ = {isa = PBXFileReference; fileEncoding = 4; lastKnownFileType = sourcecode.c.objc; path = AFAutoPurgingImageCache.m; sourceTree = "<group>"; };
		8D6626FF1E4A6A7300C38AFE /* AFImageDownloader.h */ = {isa = PBXFileReference; fileEncoding = 4; lastKnownFileType = sourcecode.c.h; path = AFImageDownloader.h; sourceTree = "<group>"; };
		8D6627001E4A6A7300C38AFE /* AFImageDownloader.m */ = {isa = PBXFileReference; fileEncoding = 4; lastKnownFileType = sourcecode.c.objc; path = AFImageDownloader.m; sourceTree = "<group>"; };
		8D6627011E4A6A7300C38AFE /* AFNetworkActivityIndicatorManager.h */ = {isa = PBXFileReference; fileEncoding = 4; lastKnownFileType = sourcecode.c.h; path = AFNetworkActivityIndicatorManager.h; sourceTree = "<group>"; };
		8D6627021E4A6A7300C38AFE /* AFNetworkActivityIndicatorManager.m */ = {isa = PBXFileReference; fileEncoding = 4; lastKnownFileType = sourcecode.c.objc; path = AFNetworkActivityIndicatorManager.m; sourceTree = "<group>"; };
		8D6627031E4A6A7300C38AFE /* UIActivityIndicatorView+AFNetworking.h */ = {isa = PBXFileReference; fileEncoding = 4; lastKnownFileType = sourcecode.c.h; path = "UIActivityIndicatorView+AFNetworking.h"; sourceTree = "<group>"; };
		8D6627041E4A6A7300C38AFE /* UIActivityIndicatorView+AFNetworking.m */ = {isa = PBXFileReference; fileEncoding = 4; lastKnownFileType = sourcecode.c.objc; path = "UIActivityIndicatorView+AFNetworking.m"; sourceTree = "<group>"; };
		8D6627051E4A6A7300C38AFE /* UIButton+AFNetworking.h */ = {isa = PBXFileReference; fileEncoding = 4; lastKnownFileType = sourcecode.c.h; path = "UIButton+AFNetworking.h"; sourceTree = "<group>"; };
		8D6627061E4A6A7300C38AFE /* UIButton+AFNetworking.m */ = {isa = PBXFileReference; fileEncoding = 4; lastKnownFileType = sourcecode.c.objc; path = "UIButton+AFNetworking.m"; sourceTree = "<group>"; };
		8D6627071E4A6A7300C38AFE /* UIImage+AFNetworking.h */ = {isa = PBXFileReference; fileEncoding = 4; lastKnownFileType = sourcecode.c.h; path = "UIImage+AFNetworking.h"; sourceTree = "<group>"; };
		8D6627081E4A6A7300C38AFE /* UIImageView+AFNetworking.h */ = {isa = PBXFileReference; fileEncoding = 4; lastKnownFileType = sourcecode.c.h; path = "UIImageView+AFNetworking.h"; sourceTree = "<group>"; };
		8D6627091E4A6A7300C38AFE /* UIImageView+AFNetworking.m */ = {isa = PBXFileReference; fileEncoding = 4; lastKnownFileType = sourcecode.c.objc; path = "UIImageView+AFNetworking.m"; sourceTree = "<group>"; };
		8D66270A1E4A6A7300C38AFE /* UIKit+AFNetworking.h */ = {isa = PBXFileReference; fileEncoding = 4; lastKnownFileType = sourcecode.c.h; path = "UIKit+AFNetworking.h"; sourceTree = "<group>"; };
		8D66270B1E4A6A7300C38AFE /* UIProgressView+AFNetworking.h */ = {isa = PBXFileReference; fileEncoding = 4; lastKnownFileType = sourcecode.c.h; path = "UIProgressView+AFNetworking.h"; sourceTree = "<group>"; };
		8D66270C1E4A6A7300C38AFE /* UIProgressView+AFNetworking.m */ = {isa = PBXFileReference; fileEncoding = 4; lastKnownFileType = sourcecode.c.objc; path = "UIProgressView+AFNetworking.m"; sourceTree = "<group>"; };
		8D66270D1E4A6A7300C38AFE /* UIRefreshControl+AFNetworking.h */ = {isa = PBXFileReference; fileEncoding = 4; lastKnownFileType = sourcecode.c.h; path = "UIRefreshControl+AFNetworking.h"; sourceTree = "<group>"; };
		8D66270E1E4A6A7300C38AFE /* UIRefreshControl+AFNetworking.m */ = {isa = PBXFileReference; fileEncoding = 4; lastKnownFileType = sourcecode.c.objc; path = "UIRefreshControl+AFNetworking.m"; sourceTree = "<group>"; };
		8D66270F1E4A6A7300C38AFE /* UIWebView+AFNetworking.h */ = {isa = PBXFileReference; fileEncoding = 4; lastKnownFileType = sourcecode.c.h; path = "UIWebView+AFNetworking.h"; sourceTree = "<group>"; };
		8D6627101E4A6A7300C38AFE /* UIWebView+AFNetworking.m */ = {isa = PBXFileReference; fileEncoding = 4; lastKnownFileType = sourcecode.c.objc; path = "UIWebView+AFNetworking.m"; sourceTree = "<group>"; };
		8D6627201E4A6BD200C38AFE /* RestManager.h */ = {isa = PBXFileReference; lastKnownFileType = sourcecode.c.h; path = RestManager.h; sourceTree = "<group>"; };
/* End PBXFileReference section */

/* Begin PBXFrameworksBuildPhase section */
		8D6626C91E4A619F00C38AFE /* Frameworks */ = {
			isa = PBXFrameworksBuildPhase;
			buildActionMask = 2147483647;
			files = (
			);
			runOnlyForDeploymentPostprocessing = 0;
		};
/* End PBXFrameworksBuildPhase section */

/* Begin PBXGroup section */
		8D6626C31E4A619F00C38AFE = {
			isa = PBXGroup;
			children = (
				8D6626EE1E4A6A7300C38AFE /* AFNetworking */,
				8D6626FC1E4A6A7300C38AFE /* UIKit+AFNetworking */,
				8D6626CE1E4A619F00C38AFE /* ConstPack */,
				8D6626CD1E4A619F00C38AFE /* Products */,
			);
			sourceTree = "<group>";
		};
		8D6626CD1E4A619F00C38AFE /* Products */ = {
			isa = PBXGroup;
			children = (
				8D6626CC1E4A619F00C38AFE /* ConstPack.app */,
			);
			name = Products;
			sourceTree = "<group>";
		};
		8D6626CE1E4A619F00C38AFE /* ConstPack */ = {
			isa = PBXGroup;
			children = (
				8D6626E71E4A69A700C38AFE /* Network */,
				8D6626D21E4A619F00C38AFE /* AppDelegate.h */,
				8D6626D31E4A619F00C38AFE /* AppDelegate.m */,
				8D6626D51E4A619F00C38AFE /* ViewController.h */,
				8D6626D61E4A619F00C38AFE /* ViewController.m */,
				8D6626D81E4A619F00C38AFE /* Main.storyboard */,
				8D6626DB1E4A619F00C38AFE /* Assets.xcassets */,
				8D6626E01E4A619F00C38AFE /* Info.plist */,
				8D6626CF1E4A619F00C38AFE /* Supporting Files */,
			);
			path = ConstPack;
			sourceTree = "<group>";
		};
		8D6626CF1E4A619F00C38AFE /* Supporting Files */ = {
			isa = PBXGroup;
			children = (
				8D6626D01E4A619F00C38AFE /* main.m */,
			);
			name = "Supporting Files";
			sourceTree = "<group>";
		};
		8D6626E71E4A69A700C38AFE /* Network */ = {
			isa = PBXGroup;
			children = (
				8D6626EB1E4A6A1900C38AFE /* RestManager.m */,
				8D6627201E4A6BD200C38AFE /* RestManager.h */,
			);
			name = Network;
			sourceTree = "<group>";
		};
		8D6626EE1E4A6A7300C38AFE /* AFNetworking */ = {
			isa = PBXGroup;
			children = (
				8D6626EF1E4A6A7300C38AFE /* AFHTTPSessionManager.h */,
				8D6626F01E4A6A7300C38AFE /* AFHTTPSessionManager.m */,
				8D6626F11E4A6A7300C38AFE /* AFNetworking.h */,
				8D6626F21E4A6A7300C38AFE /* AFNetworkReachabilityManager.h */,
				8D6626F31E4A6A7300C38AFE /* AFNetworkReachabilityManager.m */,
				8D6626F41E4A6A7300C38AFE /* AFSecurityPolicy.h */,
				8D6626F51E4A6A7300C38AFE /* AFSecurityPolicy.m */,
				8D6626F61E4A6A7300C38AFE /* AFURLRequestSerialization.h */,
				8D6626F71E4A6A7300C38AFE /* AFURLRequestSerialization.m */,
				8D6626F81E4A6A7300C38AFE /* AFURLResponseSerialization.h */,
				8D6626F91E4A6A7300C38AFE /* AFURLResponseSerialization.m */,
				8D6626FA1E4A6A7300C38AFE /* AFURLSessionManager.h */,
				8D6626FB1E4A6A7300C38AFE /* AFURLSessionManager.m */,
			);
			path = AFNetworking;
			sourceTree = "<group>";
		};
		8D6626FC1E4A6A7300C38AFE /* UIKit+AFNetworking */ = {
			isa = PBXGroup;
			children = (
				8D6626FD1E4A6A7300C38AFE /* AFAutoPurgingImageCache.h */,
				8D6626FE1E4A6A7300C38AFE /* AFAutoPurgingImageCache.m */,
				8D6626FF1E4A6A7300C38AFE /* AFImageDownloader.h */,
				8D6627001E4A6A7300C38AFE /* AFImageDownloader.m */,
				8D6627011E4A6A7300C38AFE /* AFNetworkActivityIndicatorManager.h */,
				8D6627021E4A6A7300C38AFE /* AFNetworkActivityIndicatorManager.m */,
				8D6627031E4A6A7300C38AFE /* UIActivityIndicatorView+AFNetworking.h */,
				8D6627041E4A6A7300C38AFE /* UIActivityIndicatorView+AFNetworking.m */,
				8D6627051E4A6A7300C38AFE /* UIButton+AFNetworking.h */,
				8D6627061E4A6A7300C38AFE /* UIButton+AFNetworking.m */,
				8D6627071E4A6A7300C38AFE /* UIImage+AFNetworking.h */,
				8D6627081E4A6A7300C38AFE /* UIImageView+AFNetworking.h */,
				8D6627091E4A6A7300C38AFE /* UIImageView+AFNetworking.m */,
				8D66270A1E4A6A7300C38AFE /* UIKit+AFNetworking.h */,
				8D66270B1E4A6A7300C38AFE /* UIProgressView+AFNetworking.h */,
				8D66270C1E4A6A7300C38AFE /* UIProgressView+AFNetworking.m */,
				8D66270D1E4A6A7300C38AFE /* UIRefreshControl+AFNetworking.h */,
				8D66270E1E4A6A7300C38AFE /* UIRefreshControl+AFNetworking.m */,
				8D66270F1E4A6A7300C38AFE /* UIWebView+AFNetworking.h */,
				8D6627101E4A6A7300C38AFE /* UIWebView+AFNetworking.m */,
			);
			path = "UIKit+AFNetworking";
			sourceTree = "<group>";
		};
/* End PBXGroup section */

/* Begin PBXNativeTarget section */
		8D6626CB1E4A619F00C38AFE /* ConstPack */ = {
			isa = PBXNativeTarget;
			buildConfigurationList = 8D6626E31E4A619F00C38AFE /* Build configuration list for PBXNativeTarget "ConstPack" */;
			buildPhases = (
				8D6626C81E4A619F00C38AFE /* Sources */,
				8D6626C91E4A619F00C38AFE /* Frameworks */,
				8D6626CA1E4A619F00C38AFE /* Resources */,
			);
			buildRules = (
			);
			dependencies = (
			);
			name = ConstPack;
			productName = ConstPack;
			productReference = 8D6626CC1E4A619F00C38AFE /* ConstPack.app */;
			productType = "com.apple.product-type.application";
		};
/* End PBXNativeTarget section */

/* Begin PBXProject section */
		8D6626C41E4A619F00C38AFE /* Project object */ = {
			isa = PBXProject;
			attributes = {
				LastUpgradeCheck = 0810;
				ORGANIZATIONNAME = "Bartu Kusculuoglu";
				TargetAttributes = {
					8D6626CB1E4A619F00C38AFE = {
						CreatedOnToolsVersion = 8.1;
						ProvisioningStyle = Automatic;
					};
				};
			};
			buildConfigurationList = 8D6626C71E4A619F00C38AFE /* Build configuration list for PBXProject "ConstPack" */;
			compatibilityVersion = "Xcode 3.2";
			developmentRegion = English;
			hasScannedForEncodings = 0;
			knownRegions = (
				en,
				Base,
			);
			mainGroup = 8D6626C31E4A619F00C38AFE;
			productRefGroup = 8D6626CD1E4A619F00C38AFE /* Products */;
			projectDirPath = "";
			projectRoot = "";
			targets = (
				8D6626CB1E4A619F00C38AFE /* ConstPack */,
			);
		};
/* End PBXProject section */

/* Begin PBXResourcesBuildPhase section */
		8D6626CA1E4A619F00C38AFE /* Resources */ = {
			isa = PBXResourcesBuildPhase;
			buildActionMask = 2147483647;
			files = (
				8D6626DC1E4A619F00C38AFE /* Assets.xcassets in Resources */,
				8D6626DA1E4A619F00C38AFE /* Main.storyboard in Resources */,
			);
			runOnlyForDeploymentPostprocessing = 0;
		};
/* End PBXResourcesBuildPhase section */

/* Begin PBXSourcesBuildPhase section */
		8D6626C81E4A619F00C38AFE /* Sources */ = {
			isa = PBXSourcesBuildPhase;
			buildActionMask = 2147483647;
			files = (
				8D6627131E4A6A7300C38AFE /* AFSecurityPolicy.m in Sources */,
				8D6627151E4A6A7300C38AFE /* AFURLResponseSerialization.m in Sources */,
				8D6626D71E4A619F00C38AFE /* ViewController.m in Sources */,
				8D6626EC1E4A6A1900C38AFE /* RestManager.m in Sources */,
				8D6627111E4A6A7300C38AFE /* AFHTTPSessionManager.m in Sources */,
				8D6627161E4A6A7300C38AFE /* AFURLSessionManager.m in Sources */,
				8D66271A1E4A6A7300C38AFE /* UIActivityIndicatorView+AFNetworking.m in Sources */,
				8D6626D41E4A619F00C38AFE /* AppDelegate.m in Sources */,
				8D66271D1E4A6A7300C38AFE /* UIProgressView+AFNetworking.m in Sources */,
				8D6627121E4A6A7300C38AFE /* AFNetworkReachabilityManager.m in Sources */,
				8D6626D11E4A619F00C38AFE /* main.m in Sources */,
				8D6627191E4A6A7300C38AFE /* AFNetworkActivityIndicatorManager.m in Sources */,
				8D66271C1E4A6A7300C38AFE /* UIImageView+AFNetworking.m in Sources */,
				8D66271B1E4A6A7300C38AFE /* UIButton+AFNetworking.m in Sources */,
				8D66271E1E4A6A7300C38AFE /* UIRefreshControl+AFNetworking.m in Sources */,
				8D66271F1E4A6A7300C38AFE /* UIWebView+AFNetworking.m in Sources */,
				8D6627141E4A6A7300C38AFE /* AFURLRequestSerialization.m in Sources */,
				8D6627171E4A6A7300C38AFE /* AFAutoPurgingImageCache.m in Sources */,
				8D6627181E4A6A7300C38AFE /* AFImageDownloader.m in Sources */,
			);
			runOnlyForDeploymentPostprocessing = 0;
		};
/* End PBXSourcesBuildPhase section */

/* Begin PBXVariantGroup section */
		8D6626D81E4A619F00C38AFE /* Main.storyboard */ = {
			isa = PBXVariantGroup;
			children = (
				8D6626D91E4A619F00C38AFE /* Base */,
			);
			name = Main.storyboard;
			sourceTree = "<group>";
		};
/* End PBXVariantGroup section */

/* Begin XCBuildConfiguration section */
		8D6626E11E4A619F00C38AFE /* Debug */ = {
			isa = XCBuildConfiguration;
			buildSettings = {
				ALWAYS_SEARCH_USER_PATHS = NO;
				CLANG_ANALYZER_NONNULL = YES;
				CLANG_CXX_LANGUAGE_STANDARD = "gnu++0x";
				CLANG_CXX_LIBRARY = "libc++";
				CLANG_ENABLE_MODULES = YES;
				CLANG_ENABLE_OBJC_ARC = YES;
				CLANG_WARN_BOOL_CONVERSION = YES;
				CLANG_WARN_CONSTANT_CONVERSION = YES;
				CLANG_WARN_DIRECT_OBJC_ISA_USAGE = YES_ERROR;
				CLANG_WARN_DOCUMENTATION_COMMENTS = YES;
				CLANG_WARN_EMPTY_BODY = YES;
				CLANG_WARN_ENUM_CONVERSION = YES;
				CLANG_WARN_INFINITE_RECURSION = YES;
				CLANG_WARN_INT_CONVERSION = YES;
				CLANG_WARN_OBJC_ROOT_CLASS = YES_ERROR;
				CLANG_WARN_SUSPICIOUS_MOVES = YES;
				CLANG_WARN_UNREACHABLE_CODE = YES;
				CLANG_WARN__DUPLICATE_METHOD_MATCH = YES;
				"CODE_SIGN_IDENTITY[sdk=iphoneos*]" = "iPhone Developer";
				COPY_PHASE_STRIP = NO;
				DEBUG_INFORMATION_FORMAT = dwarf;
				ENABLE_STRICT_OBJC_MSGSEND = YES;
				ENABLE_TESTABILITY = YES;
				GCC_C_LANGUAGE_STANDARD = gnu99;
				GCC_DYNAMIC_NO_PIC = NO;
				GCC_NO_COMMON_BLOCKS = YES;
				GCC_OPTIMIZATION_LEVEL = 0;
				GCC_PREPROCESSOR_DEFINITIONS = (
					"DEBUG=1",
					"$(inherited)",
				);
				GCC_WARN_64_TO_32_BIT_CONVERSION = YES;
				GCC_WARN_ABOUT_RETURN_TYPE = YES_ERROR;
				GCC_WARN_UNDECLARED_SELECTOR = YES;
				GCC_WARN_UNINITIALIZED_AUTOS = YES_AGGRESSIVE;
				GCC_WARN_UNUSED_FUNCTION = YES;
				GCC_WARN_UNUSED_VARIABLE = YES;
				IPHONEOS_DEPLOYMENT_TARGET = 10.1;
				MTL_ENABLE_DEBUG_INFO = YES;
				ONLY_ACTIVE_ARCH = YES;
				SDKROOT = iphoneos;
				TARGETED_DEVICE_FAMILY = "1,2";
			};
			name = Debug;
		};
		8D6626E21E4A619F00C38AFE /* Release */ = {
			isa = XCBuildConfiguration;
			buildSettings = {
				ALWAYS_SEARCH_USER_PATHS = NO;
				CLANG_ANALYZER_NONNULL = YES;
				CLANG_CXX_LANGUAGE_STANDARD = "gnu++0x";
				CLANG_CXX_LIBRARY = "libc++";
				CLANG_ENABLE_MODULES = YES;
				CLANG_ENABLE_OBJC_ARC = YES;
				CLANG_WARN_BOOL_CONVERSION = YES;
				CLANG_WARN_CONSTANT_CONVERSION = YES;
				CLANG_WARN_DIRECT_OBJC_ISA_USAGE = YES_ERROR;
				CLANG_WARN_DOCUMENTATION_COMMENTS = YES;
				CLANG_WARN_EMPTY_BODY = YES;
				CLANG_WARN_ENUM_CONVERSION = YES;
				CLANG_WARN_INFINITE_RECURSION = YES;
				CLANG_WARN_INT_CONVERSION = YES;
				CLANG_WARN_OBJC_ROOT_CLASS = YES_ERROR;
				CLANG_WARN_SUSPICIOUS_MOVES = YES;
				CLANG_WARN_UNREACHABLE_CODE = YES;
				CLANG_WARN__DUPLICATE_METHOD_MATCH = YES;
				"CODE_SIGN_IDENTITY[sdk=iphoneos*]" = "iPhone Developer";
				COPY_PHASE_STRIP = NO;
				DEBUG_INFORMATION_FORMAT = "dwarf-with-dsym";
				ENABLE_NS_ASSERTIONS = NO;
				ENABLE_STRICT_OBJC_MSGSEND = YES;
				GCC_C_LANGUAGE_STANDARD = gnu99;
				GCC_NO_COMMON_BLOCKS = YES;
				GCC_WARN_64_TO_32_BIT_CONVERSION = YES;
				GCC_WARN_ABOUT_RETURN_TYPE = YES_ERROR;
				GCC_WARN_UNDECLARED_SELECTOR = YES;
				GCC_WARN_UNINITIALIZED_AUTOS = YES_AGGRESSIVE;
				GCC_WARN_UNUSED_FUNCTION = YES;
				GCC_WARN_UNUSED_VARIABLE = YES;
				IPHONEOS_DEPLOYMENT_TARGET = 10.1;
				MTL_ENABLE_DEBUG_INFO = NO;
				SDKROOT = iphoneos;
				TARGETED_DEVICE_FAMILY = "1,2";
				VALIDATE_PRODUCT = YES;
			};
			name = Release;
		};
		8D6626E41E4A619F00C38AFE /* Debug */ = {
			isa = XCBuildConfiguration;
			buildSettings = {
				ASSETCATALOG_COMPILER_APPICON_NAME = AppIcon;
				INFOPLIST_FILE = ConstPack/Info.plist;
				LD_RUNPATH_SEARCH_PATHS = "$(inherited) @executable_path/Frameworks";
				PRODUCT_BUNDLE_IDENTIFIER = razeware.ConstPack;
				PRODUCT_NAME = "$(TARGET_NAME)";
			};
			name = Debug;
		};
		8D6626E51E4A619F00C38AFE /* Release */ = {
			isa = XCBuildConfiguration;
			buildSettings = {
				ASSETCATALOG_COMPILER_APPICON_NAME = AppIcon;
				INFOPLIST_FILE = ConstPack/Info.plist;
				LD_RUNPATH_SEARCH_PATHS = "$(inherited) @executable_path/Frameworks";
				PRODUCT_BUNDLE_IDENTIFIER = razeware.ConstPack;
				PRODUCT_NAME = "$(TARGET_NAME)";
			};
			name = Release;
		};
/* End XCBuildConfiguration section */

/* Begin XCConfigurationList section */
		8D6626C71E4A619F00C38AFE /* Build configuration list for PBXProject "ConstPack" */ = {
			isa = XCConfigurationList;
			buildConfigurations = (
				8D6626E11E4A619F00C38AFE /* Debug */,
				8D6626E21E4A619F00C38AFE /* Release */,
			);
			defaultConfigurationIsVisible = 0;
			defaultConfigurationName = Release;
		};
		8D6626E31E4A619F00C38AFE /* Build configuration list for PBXNativeTarget "ConstPack" */ = {
			isa = XCConfigurationList;
			buildConfigurations = (
				8D6626E41E4A619F00C38AFE /* Debug */,
				8D6626E51E4A619F00C38AFE /* Release */,
			);
			defaultConfigurationIsVisible = 0;
		};
/* End XCConfigurationList section */
	};
	rootObject = 8D6626C41E4A619F00C38AFE /* Project object */;
}
